PODS:
  - GoogleAPIClientForREST/Core (1.1.1):
    - GTMSessionFetcher (>= 1.1.7)
  - GoogleAPIClientForREST/Sheets (1.1.1):
    - GoogleAPIClientForREST/Core
    - GTMSessionFetcher (>= 1.1.7)
  - GTMOAuth2 (1.1.4):
    - GTMSessionFetcher (~> 1.1)
  - GTMSessionFetcher (1.1.9):
    - GTMSessionFetcher/Full (= 1.1.9)
  - GTMSessionFetcher/Core (1.1.9)
  - GTMSessionFetcher/Full (1.1.9):
    - GTMSessionFetcher/Core (= 1.1.9)

DEPENDENCIES:
  - GoogleAPIClientForREST/Sheets (~> 1.1.1)
  - GTMOAuth2 (~> 1.1.4)

SPEC CHECKSUMS:
  GoogleAPIClientForREST: f272e35f7fe9f80ab232756c798adc32245ece8c
  GTMOAuth2: 7fc9c10f5c745f4d9850419ea88889fe3baa6b7d
  GTMSessionFetcher: 5c046c76a1f859bc9c187e918f18e4fc7bb57b5e

PODFILE CHECKSUM: d71dbae30882361b1fbfba37f1e67074f940c1bc

COCOAPODS: 1.0.1
